{
    "version": 3,
    "terraform_version": "0.11.5",
    "serial": 39,
    "lineage": "ff629c9f-3006-e6a4-b900-c95e77260437",
    "modules": [
        {
            "path": [
                "root"
            ],
            "outputs": {},
            "resources": {
                "data.ibm_compute_image_template.img_iccs": {
                    "type": "ibm_compute_image_template",
                    "depends_on": [],
                    "primary": {
                        "id": "1905333",
                        "attributes": {
                            "id": "1905333",
                            "name": "sample-ubuntu"
                        },
                        "meta": {},
                        "tainted": false
                    },
                    "deposed": [],
                    "provider": "provider.ibm"
                },
                "data.ibm_compute_ssh_key.key_1": {
                    "type": "ibm_compute_ssh_key",
                    "depends_on": [],
                    "primary": {
                        "id": "1123575",
                        "attributes": {
                            "fingerprint": "55:bb:65:40:cd:c3:4a:c8:ee:98:bc:74:5a:83:a4:61",
                            "id": "1123575",
                            "label": "key_1",
                            "most_recent": "false",
                            "notes": "",
                            "public_key": "ssh-rsa AAAAB3NzaC1yc2EAAAADAQABAAABAQDfYgLy0SiPkgVPBlwmE91JQTWljPXFk3Ha+acgZU77Kyng0w40ecbxqC+RiDNbsrUYED+FgNLbS6KR9sQZJW+zJmcO4NuC2Fhk9OFayrlGlej2tUcjhndHfWcZsbG5oZqWJnrVUmnfuETeMyjIxl99HPjUfk4aaS9wsolLE08+p08Nu9TGMPM9GIt3VhLFJcjBothWyX74FnkkNaQC5eaGB32lxrOGnBFjIwmG44R8qJHNkxi0olVaDoLe/GP9d/zniMwgcgkQfPge0k3k3iELS7YQgeobOxWDAfEx/P69A9wAuqasO/v4CXI9PUOP20l//wNHm4BSoSnYOrnL5Xiz kyle@beomsiks-air.kr.ibm.com"
                        },
                        "meta": {},
                        "tainted": false
                    },
                    "deposed": [],
                    "provider": "provider.ibm"
                },
                "data.ibm_dns_domain.domain_vm": {
                    "type": "ibm_dns_domain",
                    "depends_on": [],
                    "primary": {
                        "id": "2321451",
                        "attributes": {
                            "id": "2321451",
                            "name": "kylekr.com"
                        },
                        "meta": {},
                        "tainted": false
                    },
                    "deposed": [],
                    "provider": "provider.ibm"
                },
                "ibm_compute_vm_instance.vm_iccs": {
                    "type": "ibm_compute_vm_instance",
                    "depends_on": [
                        "data.ibm_compute_image_template.img_iccs",
                        "data.ibm_compute_ssh_key.key_1",
                        "data.ibm_dns_domain.domain_vm"
                    ],
                    "primary": {
                        "id": "53804935",
                        "attributes": {
                            "block_storage_ids.#": "0",
                            "cores": "1",
                            "datacenter": "seo01",
                            "dedicated_acct_host_only": "false",
                            "disks.#": "1",
                            "disks.0": "25",
                            "domain": "kylekr.com",
                            "file_storage_ids.#": "0",
                            "hostname": "iccs04",
                            "hourly_billing": "true",
                            "id": "53804935",
                            "image_id": "1905333",
                            "ip_address_id": "106360155",
                            "ip_address_id_private": "106360203",
                            "ipv4_address": "169.56.90.155",
                            "ipv4_address_private": "10.178.141.203",
                            "ipv6_enabled": "false",
                            "ipv6_static_enabled": "false",
                            "local_disk": "true",
                            "memory": "1024",
                            "network_speed": "100",
                            "notes": "",
                            "private_interface_id": "30722647",
                            "private_network_only": "false",
                            "private_security_group_ids.#": "0",
                            "private_subnet": "10.178.141.192/26",
                            "private_subnet_id": "1516949",
                            "private_vlan_id": "2236061",
                            "public_bandwidth_unlimited": "false",
                            "public_interface_id": "30722649",
                            "public_security_group_ids.#": "0",
                            "public_subnet": "169.56.90.144/28",
                            "public_subnet_id": "1431057",
                            "public_vlan_id": "2236059",
                            "secondary_ip_addresses.#": "0",
                            "ssh_key_ids.#": "1",
                            "ssh_key_ids.1123575": "1123575",
                            "tags.#": "1",
                            "tags.2854685198": "iccs",
                            "wait_time_minutes": "15"
                        },
                        "meta": {},
                        "tainted": true
                    },
                    "deposed": [],
                    "provider": "provider.ibm"
                }
            },
            "depends_on": []
        }
    ]
}
